
Microsoft Visual Studio Solution File, Format Version 12.00
# Visual Studio Version 17
VisualStudioVersion = 17.2.32616.157
MinimumVisualStudioVersion = 10.0.40219.1
Project("{9A19103F-16F7-4668-BE54-9A1E7A4F7556}") = "Builder", "Builder\Builder.csproj", "{728D6760-0A89-4D38-8984-17387901E759}"
EndProject
Project("{9A19103F-16F7-4668-BE54-9A1E7A4F7556}") = "Factory", "Factory\Factory.csproj", "{097F5849-6098-4A2D-80AD-845DC2CF0B2B}"
EndProject
Project("{9A19103F-16F7-4668-BE54-9A1E7A4F7556}") = "Prototype", "Prototype\Prototype.csproj", "{E886E8B6-9A7C-4A21-8944-DBD40071EA7E}"
EndProject
Project("{9A19103F-16F7-4668-BE54-9A1E7A4F7556}") = "Singleton", "Singleton\Singleton.csproj", "{CB8E4747-6019-4E03-A2C9-D17CE6088A97}"
EndProject
Project("{9A19103F-16F7-4668-BE54-9A1E7A4F7556}") = "Adapter", "Adapter\Adapter.csproj", "{2BF4AC17-DA9E-49C5-B830-50E5F3837C06}"
EndProject
Project("{9A19103F-16F7-4668-BE54-9A1E7A4F7556}") = "Bridge", "Bridge\Bridge.csproj", "{A63B2CC9-F038-4E01-A76E-BAC6D4D90C4D}"
EndProject
Project("{9A19103F-16F7-4668-BE54-9A1E7A4F7556}") = "Composite", "Composite\Composite.csproj", "{D23E925F-8E2B-4DC5-BC8F-0EA4957BCA30}"
EndProject
Project("{9A19103F-16F7-4668-BE54-9A1E7A4F7556}") = "Decorator", "Decorator\Decorator.csproj", "{52D68079-2520-4A56-A3A8-5BE9B53B22E7}"
EndProject
Project("{9A19103F-16F7-4668-BE54-9A1E7A4F7556}") = "Facade", "Facade\Facade.csproj", "{04389F3B-7F65-46D8-AB9C-3F8EF8FC3899}"
EndProject
Project("{9A19103F-16F7-4668-BE54-9A1E7A4F7556}") = "Flyweight", "Flyweight\Flyweight.csproj", "{649010DC-924C-45F9-AB0A-8606F7569F02}"
EndProject
Project("{9A19103F-16F7-4668-BE54-9A1E7A4F7556}") = "Proxy", "Proxy\Proxy.csproj", "{80187389-6B0E-4C60-A453-680A2CE1F46A}"
EndProject
Project("{9A19103F-16F7-4668-BE54-9A1E7A4F7556}") = "Command", "Command\Command.csproj", "{6843035F-A156-4AD8-8F2D-2207FFF3FFDA}"
EndProject
Project("{9A19103F-16F7-4668-BE54-9A1E7A4F7556}") = "Interpter", "Interpter\Interpter.csproj", "{422094B8-5409-434B-ABAE-2859C8728E87}"
EndProject
Project("{FAE04EC0-301F-11D3-BF4B-00C04F79EFBC}") = "Iterator", "Iterator\Iterator.csproj", "{C2319DE1-D14F-4E37-9B34-7135FECB0241}"
EndProject
Project("{FAE04EC0-301F-11D3-BF4B-00C04F79EFBC}") = "Mediator", "Mediator\Mediator.csproj", "{0185CF86-2877-4117-AC74-0AD96C86D70F}"
EndProject
Project("{FAE04EC0-301F-11D3-BF4B-00C04F79EFBC}") = "Memento", "Memento\Memento.csproj", "{A84FD7A2-8604-45B9-B966-E7B3DDBB7C7C}"
EndProject
Project("{FAE04EC0-301F-11D3-BF4B-00C04F79EFBC}") = "Observer", "Observer\Observer.csproj", "{63A8F268-36A1-4B39-AE6A-EDDE4035BB7F}"
EndProject
Global
	GlobalSection(SolutionConfigurationPlatforms) = preSolution
		Debug|Any CPU = Debug|Any CPU
		Release|Any CPU = Release|Any CPU
	EndGlobalSection
	GlobalSection(ProjectConfigurationPlatforms) = postSolution
		{728D6760-0A89-4D38-8984-17387901E759}.Debug|Any CPU.ActiveCfg = Debug|Any CPU
		{728D6760-0A89-4D38-8984-17387901E759}.Debug|Any CPU.Build.0 = Debug|Any CPU
		{728D6760-0A89-4D38-8984-17387901E759}.Release|Any CPU.ActiveCfg = Release|Any CPU
		{728D6760-0A89-4D38-8984-17387901E759}.Release|Any CPU.Build.0 = Release|Any CPU
		{097F5849-6098-4A2D-80AD-845DC2CF0B2B}.Debug|Any CPU.ActiveCfg = Debug|Any CPU
		{097F5849-6098-4A2D-80AD-845DC2CF0B2B}.Debug|Any CPU.Build.0 = Debug|Any CPU
		{097F5849-6098-4A2D-80AD-845DC2CF0B2B}.Release|Any CPU.ActiveCfg = Release|Any CPU
		{097F5849-6098-4A2D-80AD-845DC2CF0B2B}.Release|Any CPU.Build.0 = Release|Any CPU
		{E886E8B6-9A7C-4A21-8944-DBD40071EA7E}.Debug|Any CPU.ActiveCfg = Debug|Any CPU
		{E886E8B6-9A7C-4A21-8944-DBD40071EA7E}.Debug|Any CPU.Build.0 = Debug|Any CPU
		{E886E8B6-9A7C-4A21-8944-DBD40071EA7E}.Release|Any CPU.ActiveCfg = Release|Any CPU
		{E886E8B6-9A7C-4A21-8944-DBD40071EA7E}.Release|Any CPU.Build.0 = Release|Any CPU
		{CB8E4747-6019-4E03-A2C9-D17CE6088A97}.Debug|Any CPU.ActiveCfg = Debug|Any CPU
		{CB8E4747-6019-4E03-A2C9-D17CE6088A97}.Debug|Any CPU.Build.0 = Debug|Any CPU
		{CB8E4747-6019-4E03-A2C9-D17CE6088A97}.Release|Any CPU.ActiveCfg = Release|Any CPU
		{CB8E4747-6019-4E03-A2C9-D17CE6088A97}.Release|Any CPU.Build.0 = Release|Any CPU
		{2BF4AC17-DA9E-49C5-B830-50E5F3837C06}.Debug|Any CPU.ActiveCfg = Debug|Any CPU
		{2BF4AC17-DA9E-49C5-B830-50E5F3837C06}.Debug|Any CPU.Build.0 = Debug|Any CPU
		{2BF4AC17-DA9E-49C5-B830-50E5F3837C06}.Release|Any CPU.ActiveCfg = Release|Any CPU
		{2BF4AC17-DA9E-49C5-B830-50E5F3837C06}.Release|Any CPU.Build.0 = Release|Any CPU
		{A63B2CC9-F038-4E01-A76E-BAC6D4D90C4D}.Debug|Any CPU.ActiveCfg = Debug|Any CPU
		{A63B2CC9-F038-4E01-A76E-BAC6D4D90C4D}.Debug|Any CPU.Build.0 = Debug|Any CPU
		{A63B2CC9-F038-4E01-A76E-BAC6D4D90C4D}.Release|Any CPU.ActiveCfg = Release|Any CPU
		{A63B2CC9-F038-4E01-A76E-BAC6D4D90C4D}.Release|Any CPU.Build.0 = Release|Any CPU
		{D23E925F-8E2B-4DC5-BC8F-0EA4957BCA30}.Debug|Any CPU.ActiveCfg = Debug|Any CPU
		{D23E925F-8E2B-4DC5-BC8F-0EA4957BCA30}.Debug|Any CPU.Build.0 = Debug|Any CPU
		{D23E925F-8E2B-4DC5-BC8F-0EA4957BCA30}.Release|Any CPU.ActiveCfg = Release|Any CPU
		{D23E925F-8E2B-4DC5-BC8F-0EA4957BCA30}.Release|Any CPU.Build.0 = Release|Any CPU
		{52D68079-2520-4A56-A3A8-5BE9B53B22E7}.Debug|Any CPU.ActiveCfg = Debug|Any CPU
		{52D68079-2520-4A56-A3A8-5BE9B53B22E7}.Debug|Any CPU.Build.0 = Debug|Any CPU
		{52D68079-2520-4A56-A3A8-5BE9B53B22E7}.Release|Any CPU.ActiveCfg = Release|Any CPU
		{52D68079-2520-4A56-A3A8-5BE9B53B22E7}.Release|Any CPU.Build.0 = Release|Any CPU
		{04389F3B-7F65-46D8-AB9C-3F8EF8FC3899}.Debug|Any CPU.ActiveCfg = Debug|Any CPU
		{04389F3B-7F65-46D8-AB9C-3F8EF8FC3899}.Debug|Any CPU.Build.0 = Debug|Any CPU
		{04389F3B-7F65-46D8-AB9C-3F8EF8FC3899}.Release|Any CPU.ActiveCfg = Release|Any CPU
		{04389F3B-7F65-46D8-AB9C-3F8EF8FC3899}.Release|Any CPU.Build.0 = Release|Any CPU
		{649010DC-924C-45F9-AB0A-8606F7569F02}.Debug|Any CPU.ActiveCfg = Debug|Any CPU
		{649010DC-924C-45F9-AB0A-8606F7569F02}.Debug|Any CPU.Build.0 = Debug|Any CPU
		{649010DC-924C-45F9-AB0A-8606F7569F02}.Release|Any CPU.ActiveCfg = Release|Any CPU
		{649010DC-924C-45F9-AB0A-8606F7569F02}.Release|Any CPU.Build.0 = Release|Any CPU
		{80187389-6B0E-4C60-A453-680A2CE1F46A}.Debug|Any CPU.ActiveCfg = Debug|Any CPU
		{80187389-6B0E-4C60-A453-680A2CE1F46A}.Debug|Any CPU.Build.0 = Debug|Any CPU
		{80187389-6B0E-4C60-A453-680A2CE1F46A}.Release|Any CPU.ActiveCfg = Release|Any CPU
		{80187389-6B0E-4C60-A453-680A2CE1F46A}.Release|Any CPU.Build.0 = Release|Any CPU
		{6843035F-A156-4AD8-8F2D-2207FFF3FFDA}.Debug|Any CPU.ActiveCfg = Debug|Any CPU
		{6843035F-A156-4AD8-8F2D-2207FFF3FFDA}.Debug|Any CPU.Build.0 = Debug|Any CPU
		{6843035F-A156-4AD8-8F2D-2207FFF3FFDA}.Release|Any CPU.ActiveCfg = Release|Any CPU
		{6843035F-A156-4AD8-8F2D-2207FFF3FFDA}.Release|Any CPU.Build.0 = Release|Any CPU
		{422094B8-5409-434B-ABAE-2859C8728E87}.Debug|Any CPU.ActiveCfg = Debug|Any CPU
		{422094B8-5409-434B-ABAE-2859C8728E87}.Debug|Any CPU.Build.0 = Debug|Any CPU
		{422094B8-5409-434B-ABAE-2859C8728E87}.Release|Any CPU.ActiveCfg = Release|Any CPU
		{422094B8-5409-434B-ABAE-2859C8728E87}.Release|Any CPU.Build.0 = Release|Any CPU
		{C2319DE1-D14F-4E37-9B34-7135FECB0241}.Debug|Any CPU.ActiveCfg = Debug|Any CPU
		{C2319DE1-D14F-4E37-9B34-7135FECB0241}.Debug|Any CPU.Build.0 = Debug|Any CPU
		{C2319DE1-D14F-4E37-9B34-7135FECB0241}.Release|Any CPU.ActiveCfg = Release|Any CPU
		{C2319DE1-D14F-4E37-9B34-7135FECB0241}.Release|Any CPU.Build.0 = Release|Any CPU
		{0185CF86-2877-4117-AC74-0AD96C86D70F}.Debug|Any CPU.ActiveCfg = Debug|Any CPU
		{0185CF86-2877-4117-AC74-0AD96C86D70F}.Debug|Any CPU.Build.0 = Debug|Any CPU
		{0185CF86-2877-4117-AC74-0AD96C86D70F}.Release|Any CPU.ActiveCfg = Release|Any CPU
		{0185CF86-2877-4117-AC74-0AD96C86D70F}.Release|Any CPU.Build.0 = Release|Any CPU
		{A84FD7A2-8604-45B9-B966-E7B3DDBB7C7C}.Debug|Any CPU.ActiveCfg = Debug|Any CPU
		{A84FD7A2-8604-45B9-B966-E7B3DDBB7C7C}.Debug|Any CPU.Build.0 = Debug|Any CPU
		{A84FD7A2-8604-45B9-B966-E7B3DDBB7C7C}.Release|Any CPU.ActiveCfg = Release|Any CPU
		{A84FD7A2-8604-45B9-B966-E7B3DDBB7C7C}.Release|Any CPU.Build.0 = Release|Any CPU
		{63A8F268-36A1-4B39-AE6A-EDDE4035BB7F}.Debug|Any CPU.ActiveCfg = Debug|Any CPU
		{63A8F268-36A1-4B39-AE6A-EDDE4035BB7F}.Debug|Any CPU.Build.0 = Debug|Any CPU
		{63A8F268-36A1-4B39-AE6A-EDDE4035BB7F}.Release|Any CPU.ActiveCfg = Release|Any CPU
		{63A8F268-36A1-4B39-AE6A-EDDE4035BB7F}.Release|Any CPU.Build.0 = Release|Any CPU
	EndGlobalSection
	GlobalSection(SolutionProperties) = preSolution
		HideSolutionNode = FALSE
	EndGlobalSection
	GlobalSection(ExtensibilityGlobals) = postSolution
		SolutionGuid = {38FDB240-868D-454B-8ABC-5EF984E6010E}
	EndGlobalSection
EndGlobal
